
Microsoft Visual Studio Solution File, Format Version 12.00
# Visual Studio Version 17
VisualStudioVersion = 17.14.36518.9
MinimumVisualStudioVersion = 10.0.40219.1
Project("{FAE04EC0-301F-11D3-BF4B-00C04F79EFBC}") = "Tyuiu.AndreevIA.Sprint2.Task0.V23", "Tyuiu.AndreevIA.Sprint2.Task0.V23\Tyuiu.AndreevIA.Sprint2.Task0.V23.csproj", "{65EFFAE6-CC70-4B11-856E-497F4F5CC51D}"
EndProject
Project("{FAE04EC0-301F-11D3-BF4B-00C04F79EFBC}") = "Tyuiu.AndreevIA.Sprint2.Task0.V23.Lib", "Tyuiu.AndreevIA.Sprint2.Task0.V23.Lib\Tyuiu.AndreevIA.Sprint2.Task0.V23.Lib.csproj", "{B6B90BC9-04FA-4B79-B434-D03B53159BD9}"
EndProject
Project("{FAE04EC0-301F-11D3-BF4B-00C04F79EFBC}") = "Tyuiu.AndreevIA.Sprint2.Task0.V23.Test", "Tyuiu.AndreevIA.Sprint2.Task0.V23.Test\Tyuiu.AndreevIA.Sprint2.Task0.V23.Test.csproj", "{B5FDC507-B981-4CE1-BFF8-C0E094392500}"
EndProject
Project("{2150E333-8FDC-42A3-9474-1A3956D46DE8}") = "Task1", "Task1", "{02EA681E-C7D8-13C7-8484-4AC65E1B71E8}"
EndProject
Project("{FAE04EC0-301F-11D3-BF4B-00C04F79EFBC}") = "Tyuiu.AndreevIA.Sprint2.Task1.V5", "Tyuiu.AndreevIA.Sprint2.Task1.V5\Tyuiu.AndreevIA.Sprint2.Task1.V5.csproj", "{8F0A92C3-46B0-44F3-BFD5-E7B7B44218B0}"
EndProject
Project("{2150E333-8FDC-42A3-9474-1A3956D46DE8}") = "Task0", "Task0", "{D0CED508-DEA9-4596-A353-D3CC3B91D800}"
EndProject
Project("{FAE04EC0-301F-11D3-BF4B-00C04F79EFBC}") = "Tyuiu.AndreevIA.Sprint2.Task1.V5.Lib", "Tyuiu.AndreevIA.Sprint2.Task1.V5.Lib\Tyuiu.AndreevIA.Sprint2.Task1.V5.Lib.csproj", "{912F63E2-4691-463C-9251-57AF1FBB63F1}"
EndProject
Project("{FAE04EC0-301F-11D3-BF4B-00C04F79EFBC}") = "Tyuiu.AndreevIA.Sprint2.Task1.V5.Test", "Tyuiu.AndreevIA.Sprint2.Task1.V5.Test\Tyuiu.AndreevIA.Sprint2.Task1.V5.Test.csproj", "{51DDC399-FB93-4FE6-A1B8-94A2453331F0}"
EndProject
Global
	GlobalSection(SolutionConfigurationPlatforms) = preSolution
		Debug|Any CPU = Debug|Any CPU
		Release|Any CPU = Release|Any CPU
	EndGlobalSection
	GlobalSection(ProjectConfigurationPlatforms) = postSolution
		{65EFFAE6-CC70-4B11-856E-497F4F5CC51D}.Debug|Any CPU.ActiveCfg = Debug|Any CPU
		{65EFFAE6-CC70-4B11-856E-497F4F5CC51D}.Debug|Any CPU.Build.0 = Debug|Any CPU
		{65EFFAE6-CC70-4B11-856E-497F4F5CC51D}.Release|Any CPU.ActiveCfg = Release|Any CPU
		{65EFFAE6-CC70-4B11-856E-497F4F5CC51D}.Release|Any CPU.Build.0 = Release|Any CPU
		{B6B90BC9-04FA-4B79-B434-D03B53159BD9}.Debug|Any CPU.ActiveCfg = Debug|Any CPU
		{B6B90BC9-04FA-4B79-B434-D03B53159BD9}.Debug|Any CPU.Build.0 = Debug|Any CPU
		{B6B90BC9-04FA-4B79-B434-D03B53159BD9}.Release|Any CPU.ActiveCfg = Release|Any CPU
		{B6B90BC9-04FA-4B79-B434-D03B53159BD9}.Release|Any CPU.Build.0 = Release|Any CPU
		{B5FDC507-B981-4CE1-BFF8-C0E094392500}.Debug|Any CPU.ActiveCfg = Debug|Any CPU
		{B5FDC507-B981-4CE1-BFF8-C0E094392500}.Debug|Any CPU.Build.0 = Debug|Any CPU
		{B5FDC507-B981-4CE1-BFF8-C0E094392500}.Release|Any CPU.ActiveCfg = Release|Any CPU
		{B5FDC507-B981-4CE1-BFF8-C0E094392500}.Release|Any CPU.Build.0 = Release|Any CPU
		{8F0A92C3-46B0-44F3-BFD5-E7B7B44218B0}.Debug|Any CPU.ActiveCfg = Debug|Any CPU
		{8F0A92C3-46B0-44F3-BFD5-E7B7B44218B0}.Debug|Any CPU.Build.0 = Debug|Any CPU
		{8F0A92C3-46B0-44F3-BFD5-E7B7B44218B0}.Release|Any CPU.ActiveCfg = Release|Any CPU
		{8F0A92C3-46B0-44F3-BFD5-E7B7B44218B0}.Release|Any CPU.Build.0 = Release|Any CPU
		{912F63E2-4691-463C-9251-57AF1FBB63F1}.Debug|Any CPU.ActiveCfg = Debug|Any CPU
		{912F63E2-4691-463C-9251-57AF1FBB63F1}.Debug|Any CPU.Build.0 = Debug|Any CPU
		{912F63E2-4691-463C-9251-57AF1FBB63F1}.Release|Any CPU.ActiveCfg = Release|Any CPU
		{912F63E2-4691-463C-9251-57AF1FBB63F1}.Release|Any CPU.Build.0 = Release|Any CPU
		{51DDC399-FB93-4FE6-A1B8-94A2453331F0}.Debug|Any CPU.ActiveCfg = Debug|Any CPU
		{51DDC399-FB93-4FE6-A1B8-94A2453331F0}.Debug|Any CPU.Build.0 = Debug|Any CPU
		{51DDC399-FB93-4FE6-A1B8-94A2453331F0}.Release|Any CPU.ActiveCfg = Release|Any CPU
		{51DDC399-FB93-4FE6-A1B8-94A2453331F0}.Release|Any CPU.Build.0 = Release|Any CPU
	EndGlobalSection
	GlobalSection(SolutionProperties) = preSolution
		HideSolutionNode = FALSE
	EndGlobalSection
	GlobalSection(NestedProjects) = preSolution
		{65EFFAE6-CC70-4B11-856E-497F4F5CC51D} = {D0CED508-DEA9-4596-A353-D3CC3B91D800}
		{B6B90BC9-04FA-4B79-B434-D03B53159BD9} = {D0CED508-DEA9-4596-A353-D3CC3B91D800}
		{B5FDC507-B981-4CE1-BFF8-C0E094392500} = {D0CED508-DEA9-4596-A353-D3CC3B91D800}
		{8F0A92C3-46B0-44F3-BFD5-E7B7B44218B0} = {02EA681E-C7D8-13C7-8484-4AC65E1B71E8}
		{912F63E2-4691-463C-9251-57AF1FBB63F1} = {02EA681E-C7D8-13C7-8484-4AC65E1B71E8}
		{51DDC399-FB93-4FE6-A1B8-94A2453331F0} = {02EA681E-C7D8-13C7-8484-4AC65E1B71E8}
	EndGlobalSection
	GlobalSection(ExtensibilityGlobals) = postSolution
		SolutionGuid = {50B49133-8323-469F-ADA0-15250B10396D}
	EndGlobalSection
EndGlobal
